
Microsoft Visual Studio Solution File, Format Version 12.00
# Visual Studio 15
VisualStudioVersion = 15.0.28307.645
MinimumVisualStudioVersion = 10.0.40219.1
Project("{FAE04EC0-301F-11D3-BF4B-00C04F79EFBC}") = "Crashlytics9.Android", "App3\App3.Android\Crashlytics9.Android.csproj", "{A61EB198-C1DA-45D2-B19F-A3F019570F32}"
EndProject
Project("{D954291E-2A0B-460D-934E-DC6B0785DB48}") = "Crashlytics9", "App3\App3\Crashlytics9.shproj", "{B35A00E8-BA2A-494A-AE33-F95E8DCFCAFC}"
EndProject
Global
	GlobalSection(SharedMSBuildProjectFiles) = preSolution
		App3\App3\App3.projitems*{a61eb198-c1da-45d2-b19f-a3f019570f32}*SharedItemsImports = 4
		App3\App3\App3.projitems*{b35a00e8-ba2a-494a-ae33-f95e8dcfcafc}*SharedItemsImports = 13
	EndGlobalSection
	GlobalSection(SolutionConfigurationPlatforms) = preSolution
		Debug|Any CPU = Debug|Any CPU
		Release|Any CPU = Release|Any CPU
	EndGlobalSection
	GlobalSection(ProjectConfigurationPlatforms) = postSolution
		{A61EB198-C1DA-45D2-B19F-A3F019570F32}.Debug|Any CPU.ActiveCfg = Debug|Any CPU
		{A61EB198-C1DA-45D2-B19F-A3F019570F32}.Debug|Any CPU.Build.0 = Debug|Any CPU
		{A61EB198-C1DA-45D2-B19F-A3F019570F32}.Debug|Any CPU.Deploy.0 = Debug|Any CPU
		{A61EB198-C1DA-45D2-B19F-A3F019570F32}.Release|Any CPU.ActiveCfg = Release|Any CPU
		{A61EB198-C1DA-45D2-B19F-A3F019570F32}.Release|Any CPU.Build.0 = Release|Any CPU
		{A61EB198-C1DA-45D2-B19F-A3F019570F32}.Release|Any CPU.Deploy.0 = Release|Any CPU
	EndGlobalSection
	GlobalSection(SolutionProperties) = preSolution
		HideSolutionNode = FALSE
	EndGlobalSection
	GlobalSection(ExtensibilityGlobals) = postSolution
		SolutionGuid = {FFA67624-CFCB-4A8F-A1B0-1D7DF8F65601}
	EndGlobalSection
EndGlobal
