
Microsoft Visual Studio Solution File, Format Version 12.00
# Visual Studio 15
VisualStudioVersion = 15.0.28307.645
MinimumVisualStudioVersion = 10.0.40219.1
Project("{FAE04EC0-301F-11D3-BF4B-00C04F79EFBC}") = "FirebaseCrashlytics.Android", "FirebaseCrashlytics\FirebaseCrashlytics.Android\FirebaseCrashlytics.Android.csproj", "{39BD34C3-0E62-4159-B90E-F6BE9C2A6BA5}"
EndProject
Project("{FAE04EC0-301F-11D3-BF4B-00C04F79EFBC}") = "FirebaseCrashlytics", "FirebaseCrashlytics\FirebaseCrashlytics\FirebaseCrashlytics.csproj", "{4AEC4CAE-A5F9-4C0A-B0ED-7E10E11633D6}"
EndProject
Global
	GlobalSection(SolutionConfigurationPlatforms) = preSolution
		Debug|Any CPU = Debug|Any CPU
		Release|Any CPU = Release|Any CPU
	EndGlobalSection
	GlobalSection(ProjectConfigurationPlatforms) = postSolution
		{39BD34C3-0E62-4159-B90E-F6BE9C2A6BA5}.Debug|Any CPU.ActiveCfg = Debug|Any CPU
		{39BD34C3-0E62-4159-B90E-F6BE9C2A6BA5}.Debug|Any CPU.Build.0 = Debug|Any CPU
		{39BD34C3-0E62-4159-B90E-F6BE9C2A6BA5}.Debug|Any CPU.Deploy.0 = Debug|Any CPU
		{39BD34C3-0E62-4159-B90E-F6BE9C2A6BA5}.Release|Any CPU.ActiveCfg = Release|Any CPU
		{39BD34C3-0E62-4159-B90E-F6BE9C2A6BA5}.Release|Any CPU.Build.0 = Release|Any CPU
		{39BD34C3-0E62-4159-B90E-F6BE9C2A6BA5}.Release|Any CPU.Deploy.0 = Release|Any CPU
		{4AEC4CAE-A5F9-4C0A-B0ED-7E10E11633D6}.Debug|Any CPU.ActiveCfg = Debug|Any CPU
		{4AEC4CAE-A5F9-4C0A-B0ED-7E10E11633D6}.Debug|Any CPU.Build.0 = Debug|Any CPU
		{4AEC4CAE-A5F9-4C0A-B0ED-7E10E11633D6}.Debug|Any CPU.Deploy.0 = Debug|Any CPU
		{4AEC4CAE-A5F9-4C0A-B0ED-7E10E11633D6}.Release|Any CPU.ActiveCfg = Release|Any CPU
		{4AEC4CAE-A5F9-4C0A-B0ED-7E10E11633D6}.Release|Any CPU.Build.0 = Release|Any CPU
		{4AEC4CAE-A5F9-4C0A-B0ED-7E10E11633D6}.Release|Any CPU.Deploy.0 = Release|Any CPU
	EndGlobalSection
	GlobalSection(SolutionProperties) = preSolution
		HideSolutionNode = FALSE
	EndGlobalSection
	GlobalSection(ExtensibilityGlobals) = postSolution
		SolutionGuid = {FFA67624-CFCB-4A8F-A1B0-1D7DF8F65601}
	EndGlobalSection
EndGlobal
